Microsoft Visual Studio Solution File, Format Version 12.00
# Visual Studio Version 17
VisualStudioVersion = 17.12.35527.113 d17.12
MinimumVisualStudioVersion = 10.0.40219.1
Project("{FAE04EC0-301F-11D3-BF4B-00C04F79EFBC}") = "OMathParser", "OMathParser\OMathParser.csproj", "{11F77E22-A687-43AD-A22C-8FBCD09059C3}"
EndProject
Project("{FAE04EC0-301F-11D3-BF4B-00C04F79EFBC}") = "ConsoleAppTester", "ConsoleAppTester\ConsoleAppTester.csproj", "{10D89EAC-8BE8-43E1-9C37-30C07CF0E6F9}"
EndProject
Global
	GlobalSection(SolutionConfigurationPlatforms) = preSolution
		Debug|Any CPU = Debug|Any CPU
		Release|Any CPU = Release|Any CPU
	EndGlobalSection
	GlobalSection(ProjectConfigurationPlatforms) = postSolution
		{11F77E22-A687-43AD-A22C-8FBCD09059C3}.Debug|Any CPU.ActiveCfg = Debug|Any CPU
		{11F77E22-A687-43AD-A22C-8FBCD09059C3}.Debug|Any CPU.Build.0 = Debug|Any CPU
		{11F77E22-A687-43AD-A22C-8FBCD09059C3}.Release|Any CPU.ActiveCfg = Release|Any CPU
		{11F77E22-A687-43AD-A22C-8FBCD09059C3}.Release|Any CPU.Build.0 = Release|Any CPU
		{10D89EAC-8BE8-43E1-9C37-30C07CF0E6F9}.Debug|Any CPU.ActiveCfg = Debug|Any CPU
		{10D89EAC-8BE8-43E1-9C37-30C07CF0E6F9}.Debug|Any CPU.Build.0 = Debug|Any CPU
		{10D89EAC-8BE8-43E1-9C37-30C07CF0E6F9}.Release|Any CPU.ActiveCfg = Release|Any CPU
		{10D89EAC-8BE8-43E1-9C37-30C07CF0E6F9}.Release|Any CPU.Build.0 = Release|Any CPU
	EndGlobalSection
	GlobalSection(SolutionProperties) = preSolution
		HideSolutionNode = FALSE
	EndGlobalSection
EndGlobal
